
Microsoft Visual Studio Solution File, Format Version 12.00
# Visual Studio Version 16
VisualStudioVersion = 16.0.29306.81
MinimumVisualStudioVersion = 10.0.40219.1
Project("{888888A0-9F3D-457C-B088-3A5042F75D52}") = "Matt'sSpotifyBotV5.0", "Matt'sSpotifyBotV5.0.pyproj", "{92C4269D-93DB-47A6-8D63-78700DA5C14A}"
EndProject
Global
	GlobalSection(SolutionConfigurationPlatforms) = preSolution
		Debug|Any CPU = Debug|Any CPU
		Release|Any CPU = Release|Any CPU
	EndGlobalSection
	GlobalSection(ProjectConfigurationPlatforms) = postSolution
		{92C4269D-93DB-47A6-8D63-78700DA5C14A}.Debug|Any CPU.ActiveCfg = Debug|Any CPU
		{92C4269D-93DB-47A6-8D63-78700DA5C14A}.Release|Any CPU.ActiveCfg = Release|Any CPU
	EndGlobalSection
	GlobalSection(SolutionProperties) = preSolution
		HideSolutionNode = FALSE
	EndGlobalSection
	GlobalSection(ExtensibilityGlobals) = postSolution
		SolutionGuid = {43DD0306-DF2E-4590-AFFE-63703B77BB18}
	EndGlobalSection
EndGlobal
